{
  "requires": true,
  "lockfileVersion": 1,
  "dependencies": {
    "@maxim_mazurok/gapi.client.sheets": {
      "version": "4.0.20220513",
      "resolved": "https://registry.npmjs.org/@maxim_mazurok/gapi.client.sheets/-/gapi.client.sheets-4.0.20220513.tgz",
      "integrity": "sha512-ZosG1trFXnbXlebQmFBcZbAMZJwI2GkDSu09he1INNQKbdnlw9CUdVPwVA5g0HPTxX3xnMzC8V46SOdZYlKsFA==",
      "requires": {
        "@types/gapi.client": "*"
      }
    },
    "@types/gapi.client": {
      "version": "1.0.5",
      "resolved": "https://registry.npmjs.org/@types/gapi.client/-/gapi.client-1.0.5.tgz",
      "integrity": "sha512-OTpbBMuzfC4lkvaomxqskI/iWRGW3zOZbDXZLNSyiuswTiSSGgILRLkg0POuZ4EgzEdaYaTlXpnXiCp07ri/Yw=="
    },
    "@types/gapi.client.sheets": {
      "version": "4.0.20201029",
      "resolved": "https://registry.npmjs.org/@types/gapi.client.sheets/-/gapi.client.sheets-4.0.20201029.tgz",
      "integrity": "sha512-Om2t05O59QnaPTJZdx6UQvejn6tV55qKebnxcpRx0wXWiDpf5ZZ3GSRGzqXXZt0ggkRkyErLdLLy4LPVgqGlTw==",
      "requires": {
        "@maxim_mazurok/gapi.client.sheets": "^4.0.20220513"
      }
    },
    "@types/google.accounts": {
      "version": "0.0.1",
      "resolved": "https://registry.npmjs.org/@types/google.accounts/-/google.accounts-0.0.1.tgz",
      "integrity": "sha512-US+e68xwCoiieDI1HYVCbk8PHCB6GIHyWUSBxpFAbTYtmvtnXLzbBusZrz3HCYAOBijkZebSNGNkc746Qz3R7Q==",
      "dev": true
    }
  }
}
